// !$*UTF8*$!
{
	archiveVersion = 1;
	classes = {
	};
	objectVersion = 55;
	objects = {

/* Begin PBXBuildFile section */
		2F4369672850697C00BE7341 /* AppDelegate.swift in Sources */ = {isa = PBXBuildFile; fileRef = 2F4369662850697C00BE7341 /* AppDelegate.swift */; };
		2F4369692850697C00BE7341 /* SceneDelegate.swift in Sources */ = {isa = PBXBuildFile; fileRef = 2F4369682850697C00BE7341 /* SceneDelegate.swift */; };
		2F43696B2850697C00BE7341 /* ViewController.swift in Sources */ = {isa = PBXBuildFile; fileRef = 2F43696A2850697C00BE7341 /* ViewController.swift */; };
		2F43696E2850697C00BE7341 /* Main.storyboard in Resources */ = {isa = PBXBuildFile; fileRef = 2F43696C2850697C00BE7341 /* Main.storyboard */; };
		2F4369702850697D00BE7341 /* Assets.xcassets in Resources */ = {isa = PBXBuildFile; fileRef = 2F43696F2850697D00BE7341 /* Assets.xcassets */; };
		2F4369732850697D00BE7341 /* LaunchScreen.storyboard in Resources */ = {isa = PBXBuildFile; fileRef = 2F4369712850697D00BE7341 /* LaunchScreen.storyboard */; };
		2F43697C2850776000BE7341 /* ViewController+Extn.swift in Sources */ = {isa = PBXBuildFile; fileRef = 2F43697B2850776000BE7341 /* ViewController+Extn.swift */; };
		2F43697E28507D0200BE7341 /* TableViewCell.swift in Sources */ = {isa = PBXBuildFile; fileRef = 2F43697D28507D0200BE7341 /* TableViewCell.swift */; };
		2FA2D4C02850E76200E48E6F /* checkBox.swift in Sources */ = {isa = PBXBuildFile; fileRef = 2FA2D4BF2850E76200E48E6F /* checkBox.swift */; };
		2FA2D4C22851C54000E48E6F /* toDoItem.swift in Sources */ = {isa = PBXBuildFile; fileRef = 2FA2D4C12851C54000E48E6F /* toDoItem.swift */; };
		2FA2D4C42857544E00E48E6F /* DetailsViewController.swift in Sources */ = {isa = PBXBuildFile; fileRef = 2FA2D4C32857544E00E48E6F /* DetailsViewController.swift */; };
/* End PBXBuildFile section */

/* Begin PBXFileReference section */
		2F4369632850697C00BE7341 /* ToDoApp.app */ = {isa = PBXFileReference; explicitFileType = wrapper.application; includeInIndex = 0; path = ToDoApp.app; sourceTree = BUILT_PRODUCTS_DIR; };
		2F4369662850697C00BE7341 /* AppDelegate.swift */ = {isa = PBXFileReference; lastKnownFileType = sourcecode.swift; path = AppDelegate.swift; sourceTree = "<group>"; };
		2F4369682850697C00BE7341 /* SceneDelegate.swift */ = {isa = PBXFileReference; lastKnownFileType = sourcecode.swift; path = SceneDelegate.swift; sourceTree = "<group>"; };
		2F43696A2850697C00BE7341 /* ViewController.swift */ = {isa = PBXFileReference; lastKnownFileType = sourcecode.swift; path = ViewController.swift; sourceTree = "<group>"; };
		2F43696D2850697C00BE7341 /* Base */ = {isa = PBXFileReference; lastKnownFileType = file.storyboard; name = Base; path = Base.lproj/Main.storyboard; sourceTree = "<group>"; };
		2F43696F2850697D00BE7341 /* Assets.xcassets */ = {isa = PBXFileReference; lastKnownFileType = folder.assetcatalog; path = Assets.xcassets; sourceTree = "<group>"; };
		2F4369722850697D00BE7341 /* Base */ = {isa = PBXFileReference; lastKnownFileType = file.storyboard; name = Base; path = Base.lproj/LaunchScreen.storyboard; sourceTree = "<group>"; };
		2F4369742850697D00BE7341 /* Info.plist */ = {isa = PBXFileReference; lastKnownFileType = text.plist.xml; path = Info.plist; sourceTree = "<group>"; };
		2F43697B2850776000BE7341 /* ViewController+Extn.swift */ = {isa = PBXFileReference; lastKnownFileType = sourcecode.swift; path = "ViewController+Extn.swift"; sourceTree = "<group>"; };
		2F43697D28507D0200BE7341 /* TableViewCell.swift */ = {isa = PBXFileReference; lastKnownFileType = sourcecode.swift; path = TableViewCell.swift; sourceTree = "<group>"; };
		2FA2D4BF2850E76200E48E6F /* checkBox.swift */ = {isa = PBXFileReference; lastKnownFileType = sourcecode.swift; path = checkBox.swift; sourceTree = "<group>"; };
		2FA2D4C12851C54000E48E6F /* toDoItem.swift */ = {isa = PBXFileReference; lastKnownFileType = sourcecode.swift; path = toDoItem.swift; sourceTree = "<group>"; };
		2FA2D4C32857544E00E48E6F /* DetailsViewController.swift */ = {isa = PBXFileReference; lastKnownFileType = sourcecode.swift; path = DetailsViewController.swift; sourceTree = "<group>"; };
/* End PBXFileReference section */

/* Begin PBXFrameworksBuildPhase section */
		2F4369602850697C00BE7341 /* Frameworks */ = {
			isa = PBXFrameworksBuildPhase;
			buildActionMask = 2147483647;
			files = (
			);
			runOnlyForDeploymentPostprocessing = 0;
		};
/* End PBXFrameworksBuildPhase section */

/* Begin PBXGroup section */
		2F43695A2850697C00BE7341 = {
			isa = PBXGroup;
			children = (
				2F4369652850697C00BE7341 /* ToDoApp */,
				2F4369642850697C00BE7341 /* Products */,
			);
			sourceTree = "<group>";
		};
		2F4369642850697C00BE7341 /* Products */ = {
			isa = PBXGroup;
			children = (
				2F4369632850697C00BE7341 /* ToDoApp.app */,
			);
			name = Products;
			sourceTree = "<group>";
		};
		2F4369652850697C00BE7341 /* ToDoApp */ = {
			isa = PBXGroup;
			children = (
				2F43697A2850774400BE7341 /* Extensions */,
				2F4369662850697C00BE7341 /* AppDelegate.swift */,
				2F4369682850697C00BE7341 /* SceneDelegate.swift */,
				2F43696A2850697C00BE7341 /* ViewController.swift */,
				2F43696C2850697C00BE7341 /* Main.storyboard */,
				2F43696F2850697D00BE7341 /* Assets.xcassets */,
				2F4369712850697D00BE7341 /* LaunchScreen.storyboard */,
				2F4369742850697D00BE7341 /* Info.plist */,
				2F43697D28507D0200BE7341 /* TableViewCell.swift */,
				2FA2D4BF2850E76200E48E6F /* checkBox.swift */,
				2FA2D4C12851C54000E48E6F /* toDoItem.swift */,
				2FA2D4C32857544E00E48E6F /* DetailsViewController.swift */,
			);
			path = ToDoApp;
			sourceTree = "<group>";
		};
		2F43697A2850774400BE7341 /* Extensions */ = {
			isa = PBXGroup;
			children = (
				2F43697B2850776000BE7341 /* ViewController+Extn.swift */,
			);
			path = Extensions;
			sourceTree = "<group>";
		};
/* End PBXGroup section */

/* Begin PBXNativeTarget section */
		2F4369622850697C00BE7341 /* ToDoApp */ = {
			isa = PBXNativeTarget;
			buildConfigurationList = 2F4369772850697D00BE7341 /* Build configuration list for PBXNativeTarget "ToDoApp" */;
			buildPhases = (
				2F43695F2850697C00BE7341 /* Sources */,
				2F4369602850697C00BE7341 /* Frameworks */,
				2F4369612850697C00BE7341 /* Resources */,
			);
			buildRules = (
			);
			dependencies = (
			);
			name = ToDoApp;
			productName = ToDoApp;
			productReference = 2F4369632850697C00BE7341 /* ToDoApp.app */;
			productType = "com.apple.product-type.application";
		};
/* End PBXNativeTarget section */

/* Begin PBXProject section */
		2F43695B2850697C00BE7341 /* Project object */ = {
			isa = PBXProject;
			attributes = {
				BuildIndependentTargetsInParallel = 1;
				LastSwiftUpdateCheck = 1330;
				LastUpgradeCheck = 1330;
				TargetAttributes = {
					2F4369622850697C00BE7341 = {
						CreatedOnToolsVersion = 13.3;
					};
				};
			};
			buildConfigurationList = 2F43695E2850697C00BE7341 /* Build configuration list for PBXProject "ToDoApp" */;
			compatibilityVersion = "Xcode 13.0";
			developmentRegion = en;
			hasScannedForEncodings = 0;
			knownRegions = (
				en,
				Base,
			);
			mainGroup = 2F43695A2850697C00BE7341;
			productRefGroup = 2F4369642850697C00BE7341 /* Products */;
			projectDirPath = "";
			projectRoot = "";
			targets = (
				2F4369622850697C00BE7341 /* ToDoApp */,
			);
		};
/* End PBXProject section */

/* Begin PBXResourcesBuildPhase section */
		2F4369612850697C00BE7341 /* Resources */ = {
			isa = PBXResourcesBuildPhase;
			buildActionMask = 2147483647;
			files = (
				2F4369732850697D00BE7341 /* LaunchScreen.storyboard in Resources */,
				2F4369702850697D00BE7341 /* Assets.xcassets in Resources */,
				2F43696E2850697C00BE7341 /* Main.storyboard in Resources */,
			);
			runOnlyForDeploymentPostprocessing = 0;
		};
/* End PBXResourcesBuildPhase section */

/* Begin PBXSourcesBuildPhase section */
		2F43695F2850697C00BE7341 /* Sources */ = {
			isa = PBXSourcesBuildPhase;
			buildActionMask = 2147483647;
			files = (
				2F43697E28507D0200BE7341 /* TableViewCell.swift in Sources */,
				2F43696B2850697C00BE7341 /* ViewController.swift in Sources */,
				2F43697C2850776000BE7341 /* ViewController+Extn.swift in Sources */,
				2FA2D4C42857544E00E48E6F /* DetailsViewController.swift in Sources */,
				2FA2D4C22851C54000E48E6F /* toDoItem.swift in Sources */,
				2F4369672850697C00BE7341 /* AppDelegate.swift in Sources */,
				2FA2D4C02850E76200E48E6F /* checkBox.swift in Sources */,
				2F4369692850697C00BE7341 /* SceneDelegate.swift in Sources */,
			);
			runOnlyForDeploymentPostprocessing = 0;
		};
/* End PBXSourcesBuildPhase section */

/* Begin PBXVariantGroup section */
		2F43696C2850697C00BE7341 /* Main.storyboard */ = {
			isa = PBXVariantGroup;
			children = (
				2F43696D2850697C00BE7341 /* Base */,
			);
			name = Main.storyboard;
			sourceTree = "<group>";
		};
		2F4369712850697D00BE7341 /* LaunchScreen.storyboard */ = {
			isa = PBXVariantGroup;
			children = (
				2F4369722850697D00BE7341 /* Base */,
			);
			name = LaunchScreen.storyboard;
			sourceTree = "<group>";
		};
/* End PBXVariantGroup section */

/* Begin XCBuildConfiguration section */
		2F4369752850697D00BE7341 /* Debug */ = {
			isa = XCBuildConfiguration;
			buildSettings = {
				ALWAYS_SEARCH_USER_PATHS = NO;
				CLANG_ANALYZER_NONNULL = YES;
				CLANG_ANALYZER_NUMBER_OBJECT_CONVERSION = YES_AGGRESSIVE;
				CLANG_CXX_LANGUAGE_STANDARD = "gnu++17";
				CLANG_ENABLE_MODULES = YES;
				CLANG_ENABLE_OBJC_ARC = YES;
				CLANG_ENABLE_OBJC_WEAK = YES;
				CLANG_WARN_BLOCK_CAPTURE_AUTORELEASING = YES;
				CLANG_WARN_BOOL_CONVERSION = YES;
				CLANG_WARN_COMMA = YES;
				CLANG_WARN_CONSTANT_CONVERSION = YES;
				CLANG_WARN_DEPRECATED_OBJC_IMPLEMENTATIONS = YES;
				CLANG_WARN_DIRECT_OBJC_ISA_USAGE = YES_ERROR;
				CLANG_WARN_DOCUMENTATION_COMMENTS = YES;
				CLANG_WARN_EMPTY_BODY = YES;
				CLANG_WARN_ENUM_CONVERSION = YES;
				CLANG_WARN_INFINITE_RECURSION = YES;
				CLANG_WARN_INT_CONVERSION = YES;
				CLANG_WARN_NON_LITERAL_NULL_CONVERSION = YES;
				CLANG_WARN_OBJC_IMPLICIT_RETAIN_SELF = YES;
				CLANG_WARN_OBJC_LITERAL_CONVERSION = YES;
				CLANG_WARN_OBJC_ROOT_CLASS = YES_ERROR;
				CLANG_WARN_QUOTED_INCLUDE_IN_FRAMEWORK_HEADER = YES;
				CLANG_WARN_RANGE_LOOP_ANALYSIS = YES;
				CLANG_WARN_STRICT_PROTOTYPES = YES;
				CLANG_WARN_SUSPICIOUS_MOVE = YES;
				CLANG_WARN_UNGUARDED_AVAILABILITY = YES_AGGRESSIVE;
				CLANG_WARN_UNREACHABLE_CODE = YES;
				CLANG_WARN__DUPLICATE_METHOD_MATCH = YES;
				COPY_PHASE_STRIP = NO;
				DEBUG_INFORMATION_FORMAT = dwarf;
				ENABLE_STRICT_OBJC_MSGSEND = YES;
				ENABLE_TESTABILITY = YES;
				GCC_C_LANGUAGE_STANDARD = gnu11;
				GCC_DYNAMIC_NO_PIC = NO;
				GCC_NO_COMMON_BLOCKS = YES;
				GCC_OPTIMIZATION_LEVEL = 0;
				GCC_PREPROCESSOR_DEFINITIONS = (
					"DEBUG=1",
					"$(inherited)",
				);
				GCC_WARN_64_TO_32_BIT_CONVERSION = YES;
				GCC_WARN_ABOUT_RETURN_TYPE = YES_ERROR;
				GCC_WARN_UNDECLARED_SELECTOR = YES;
				GCC_WARN_UNINITIALIZED_AUTOS = YES_AGGRESSIVE;
				GCC_WARN_UNUSED_FUNCTION = YES;
				GCC_WARN_UNUSED_VARIABLE = YES;
				IPHONEOS_DEPLOYMENT_TARGET = 15.4;
				MTL_ENABLE_DEBUG_INFO = INCLUDE_SOURCE;
				MTL_FAST_MATH = YES;
				ONLY_ACTIVE_ARCH = YES;
				SDKROOT = iphoneos;
				SWIFT_ACTIVE_COMPILATION_CONDITIONS = DEBUG;
				SWIFT_OPTIMIZATION_LEVEL = "-Onone";
			};
			name = Debug;
		};
		2F4369762850697D00BE7341 /* Release */ = {
			isa = XCBuildConfiguration;
			buildSettings = {
				ALWAYS_SEARCH_USER_PATHS = NO;
				CLANG_ANALYZER_NONNULL = YES;
				CLANG_ANALYZER_NUMBER_OBJECT_CONVERSION = YES_AGGRESSIVE;
				CLANG_CXX_LANGUAGE_STANDARD = "gnu++17";
				CLANG_ENABLE_MODULES = YES;
				CLANG_ENABLE_OBJC_ARC = YES;
				CLANG_ENABLE_OBJC_WEAK = YES;
				CLANG_WARN_BLOCK_CAPTURE_AUTORELEASING = YES;
				CLANG_WARN_BOOL_CONVERSION = YES;
				CLANG_WARN_COMMA = YES;
				CLANG_WARN_CONSTANT_CONVERSION = YES;
				CLANG_WARN_DEPRECATED_OBJC_IMPLEMENTATIONS = YES;
				CLANG_WARN_DIRECT_OBJC_ISA_USAGE = YES_ERROR;
				CLANG_WARN_DOCUMENTATION_COMMENTS = YES;
				CLANG_WARN_EMPTY_BODY = YES;
				CLANG_WARN_ENUM_CONVERSION = YES;
				CLANG_WARN_INFINITE_RECURSION = YES;
				CLANG_WARN_INT_CONVERSION = YES;
				CLANG_WARN_NON_LITERAL_NULL_CONVERSION = YES;
				CLANG_WARN_OBJC_IMPLICIT_RETAIN_SELF = YES;
				CLANG_WARN_OBJC_LITERAL_CONVERSION = YES;
				CLANG_WARN_OBJC_ROOT_CLASS = YES_ERROR;
				CLANG_WARN_QUOTED_INCLUDE_IN_FRAMEWORK_HEADER = YES;
				CLANG_WARN_RANGE_LOOP_ANALYSIS = YES;
				CLANG_WARN_STRICT_PROTOTYPES = YES;
				CLANG_WARN_SUSPICIOUS_MOVE = YES;
				CLANG_WARN_UNGUARDED_AVAILABILITY = YES_AGGRESSIVE;
				CLANG_WARN_UNREACHABLE_CODE = YES;
				CLANG_WARN__DUPLICATE_METHOD_MATCH = YES;
				COPY_PHASE_STRIP = NO;
				DEBUG_INFORMATION_FORMAT = "dwarf-with-dsym";
				ENABLE_NS_ASSERTIONS = NO;
				ENABLE_STRICT_OBJC_MSGSEND = YES;
				GCC_C_LANGUAGE_STANDARD = gnu11;
				GCC_NO_COMMON_BLOCKS = YES;
				GCC_WARN_64_TO_32_BIT_CONVERSION = YES;
				GCC_WARN_ABOUT_RETURN_TYPE = YES_ERROR;
				GCC_WARN_UNDECLARED_SELECTOR = YES;
				GCC_WARN_UNINITIALIZED_AUTOS = YES_AGGRESSIVE;
				GCC_WARN_UNUSED_FUNCTION = YES;
				GCC_WARN_UNUSED_VARIABLE = YES;
				IPHONEOS_DEPLOYMENT_TARGET = 15.4;
				MTL_ENABLE_DEBUG_INFO = NO;
				MTL_FAST_MATH = YES;
				SDKROOT = iphoneos;
				SWIFT_COMPILATION_MODE = wholemodule;
				SWIFT_OPTIMIZATION_LEVEL = "-O";
				VALIDATE_PRODUCT = YES;
			};
			name = Release;
		};
		2F4369782850697D00BE7341 /* Debug */ = {
			isa = XCBuildConfiguration;
			buildSettings = {
				ASSETCATALOG_COMPILER_APPICON_NAME = AppIcon;
				ASSETCATALOG_COMPILER_GLOBAL_ACCENT_COLOR_NAME = AccentColor;
				CODE_SIGN_STYLE = Automatic;
				CURRENT_PROJECT_VERSION = 1;
				GENERATE_INFOPLIST_FILE = YES;
				INFOPLIST_FILE = ToDoApp/Info.plist;
				INFOPLIST_KEY_UIApplicationSupportsIndirectInputEvents = YES;
				INFOPLIST_KEY_UILaunchStoryboardName = LaunchScreen;
				INFOPLIST_KEY_UIMainStoryboardFile = Main;
				INFOPLIST_KEY_UISupportedInterfaceOrientations_iPad = "UIInterfaceOrientationPortrait UIInterfaceOrientationPortraitUpsideDown UIInterfaceOrientationLandscapeLeft UIInterfaceOrientationLandscapeRight";
				INFOPLIST_KEY_UISupportedInterfaceOrientations_iPhone = "UIInterfaceOrientationPortrait UIInterfaceOrientationLandscapeLeft UIInterfaceOrientationLandscapeRight";
				LD_RUNPATH_SEARCH_PATHS = (
					"$(inherited)",
					"@executable_path/Frameworks",
				);
				MARKETING_VERSION = 1.0;
				PRODUCT_BUNDLE_IDENTIFIER = pai.dev.ToDoApp;
				PRODUCT_NAME = "$(TARGET_NAME)";
				SWIFT_EMIT_LOC_STRINGS = YES;
				SWIFT_VERSION = 5.0;
				TARGETED_DEVICE_FAMILY = "1,2";
			};
			name = Debug;
		};
		2F4369792850697D00BE7341 /* Release */ = {
			isa = XCBuildConfiguration;
			buildSettings = {
				ASSETCATALOG_COMPILER_APPICON_NAME = AppIcon;
				ASSETCATALOG_COMPILER_GLOBAL_ACCENT_COLOR_NAME = AccentColor;
				CODE_SIGN_STYLE = Automatic;
				CURRENT_PROJECT_VERSION = 1;
				GENERATE_INFOPLIST_FILE = YES;
				INFOPLIST_FILE = ToDoApp/Info.plist;
				INFOPLIST_KEY_UIApplicationSupportsIndirectInputEvents = YES;
				INFOPLIST_KEY_UILaunchStoryboardName = LaunchScreen;
				INFOPLIST_KEY_UIMainStoryboardFile = Main;
				INFOPLIST_KEY_UISupportedInterfaceOrientations_iPad = "UIInterfaceOrientationPortrait UIInterfaceOrientationPortraitUpsideDown UIInterfaceOrientationLandscapeLeft UIInterfaceOrientationLandscapeRight";
				INFOPLIST_KEY_UISupportedInterfaceOrientations_iPhone = "UIInterfaceOrientationPortrait UIInterfaceOrientationLandscapeLeft UIInterfaceOrientationLandscapeRight";
				LD_RUNPATH_SEARCH_PATHS = (
					"$(inherited)",
					"@executable_path/Frameworks",
				);
				MARKETING_VERSION = 1.0;
				PRODUCT_BUNDLE_IDENTIFIER = pai.dev.ToDoApp;
				PRODUCT_NAME = "$(TARGET_NAME)";
				SWIFT_EMIT_LOC_STRINGS = YES;
				SWIFT_VERSION = 5.0;
				TARGETED_DEVICE_FAMILY = "1,2";
			};
			name = Release;
		};
/* End XCBuildConfiguration section */

/* Begin XCConfigurationList section */
		2F43695E2850697C00BE7341 /* Build configuration list for PBXProject "ToDoApp" */ = {
			isa = XCConfigurationList;
			buildConfigurations = (
				2F4369752850697D00BE7341 /* Debug */,
				2F4369762850697D00BE7341 /* Release */,
			);
			defaultConfigurationIsVisible = 0;
			defaultConfigurationName = Release;
		};
		2F4369772850697D00BE7341 /* Build configuration list for PBXNativeTarget "ToDoApp" */ = {
			isa = XCConfigurationList;
			buildConfigurations = (
				2F4369782850697D00BE7341 /* Debug */,
				2F4369792850697D00BE7341 /* Release */,
			);
			defaultConfigurationIsVisible = 0;
			defaultConfigurationName = Release;
		};
/* End XCConfigurationList section */
	};
	rootObject = 2F43695B2850697C00BE7341 /* Project object */;
}
